
Microsoft Visual Studio Solution File, Format Version 12.00
# Visual Studio Version 17
VisualStudioVersion = 17.0.32014.148
MinimumVisualStudioVersion = 10.0.40219.1
Project("{FAE04EC0-301F-11D3-BF4B-00C04F79EFBC}") = "csharp-server", "csharp-server\csharp-server.csproj", "{CA791123-A100-44E8-AB25-2998E34B27A2}"
EndProject
Global
	GlobalSection(SolutionConfigurationPlatforms) = preSolution
		Debug|Any CPU = Debug|Any CPU
		Release|Any CPU = Release|Any CPU
	EndGlobalSection
	GlobalSection(ProjectConfigurationPlatforms) = postSolution
		{CA791123-A100-44E8-AB25-2998E34B27A2}.Debug|Any CPU.ActiveCfg = Debug|Any CPU
		{CA791123-A100-44E8-AB25-2998E34B27A2}.Debug|Any CPU.Build.0 = Debug|Any CPU
		{CA791123-A100-44E8-AB25-2998E34B27A2}.Release|Any CPU.ActiveCfg = Release|Any CPU
		{CA791123-A100-44E8-AB25-2998E34B27A2}.Release|Any CPU.Build.0 = Release|Any CPU
	EndGlobalSection
	GlobalSection(SolutionProperties) = preSolution
		HideSolutionNode = FALSE
	EndGlobalSection
	GlobalSection(ExtensibilityGlobals) = postSolution
		SolutionGuid = {DF1B6D2D-2F53-4452-BA92-1E9BCBFE66F9}
	EndGlobalSection
EndGlobal
